
Microsoft Visual Studio Solution File, Format Version 12.00
# Visual Studio 15
VisualStudioVersion = 15.0.27428.2015
MinimumVisualStudioVersion = 10.0.40219.1
Project("{9A19103F-16F7-4668-BE54-9A1E7A4F7556}") = "IntentBot.FakeRouter", "IntentBot.FakeRouter\IntentBot.FakeRouter.csproj", "{B531DEFF-E80D-4D28-968E-C42A05A24637}"
EndProject
Project("{9A19103F-16F7-4668-BE54-9A1E7A4F7556}") = "IntentBot.SoftRouter", "IntentBot.SoftRouter\IntentBot.SoftRouter.csproj", "{BB6FAEAF-07AF-49DA-855F-3FB01DEB93F0}"
EndProject
Project("{9A19103F-16F7-4668-BE54-9A1E7A4F7556}") = "IntentBot.SoftRouter.Test", "IntentBot.SoftRouter.Test\IntentBot.SoftRouter.Test.csproj", "{96B2D7B5-A7C3-4F04-9636-C4E36D58061D}"
EndProject
Project("{9A19103F-16F7-4668-BE54-9A1E7A4F7556}") = "IntentBot.ConfigRouter", "IntentBot.ConfigRouter\IntentBot.ConfigRouter.csproj", "{C15267CF-6E7B-415A-A124-C76FA59F732C}"
EndProject
Project("{9A19103F-16F7-4668-BE54-9A1E7A4F7556}") = "IntentBot.ConfigRouter.Test", "IntentBot.ConfigRouter.Test\IntentBot.ConfigRouter.Test.csproj", "{57F9EAE8-C7B9-4D20-BD97-95144B0C4CDA}"
EndProject
Project("{9A19103F-16F7-4668-BE54-9A1E7A4F7556}") = "IntentBot.DataServiceRouter", "IntentBot.DataServiceRouter\IntentBot.DataServiceRouter.csproj", "{B350A202-30F5-4BE1-B611-D9FD3EA2416A}"
EndProject
Project("{9A19103F-16F7-4668-BE54-9A1E7A4F7556}") = "IntentBot.DataServiceRouter.Test", "IntentBot.DataServiceRouter.Test\IntentBot.DataServiceRouter.Test.csproj", "{457917AF-BDDD-40D1-A655-D68402639D7D}"
EndProject
Global
	GlobalSection(SolutionConfigurationPlatforms) = preSolution
		Debug|Any CPU = Debug|Any CPU
		Release|Any CPU = Release|Any CPU
	EndGlobalSection
	GlobalSection(ProjectConfigurationPlatforms) = postSolution
		{B531DEFF-E80D-4D28-968E-C42A05A24637}.Debug|Any CPU.ActiveCfg = Debug|Any CPU
		{B531DEFF-E80D-4D28-968E-C42A05A24637}.Debug|Any CPU.Build.0 = Debug|Any CPU
		{B531DEFF-E80D-4D28-968E-C42A05A24637}.Release|Any CPU.ActiveCfg = Release|Any CPU
		{B531DEFF-E80D-4D28-968E-C42A05A24637}.Release|Any CPU.Build.0 = Release|Any CPU
		{BB6FAEAF-07AF-49DA-855F-3FB01DEB93F0}.Debug|Any CPU.ActiveCfg = Debug|Any CPU
		{BB6FAEAF-07AF-49DA-855F-3FB01DEB93F0}.Debug|Any CPU.Build.0 = Debug|Any CPU
		{BB6FAEAF-07AF-49DA-855F-3FB01DEB93F0}.Release|Any CPU.ActiveCfg = Release|Any CPU
		{BB6FAEAF-07AF-49DA-855F-3FB01DEB93F0}.Release|Any CPU.Build.0 = Release|Any CPU
		{96B2D7B5-A7C3-4F04-9636-C4E36D58061D}.Debug|Any CPU.ActiveCfg = Debug|Any CPU
		{96B2D7B5-A7C3-4F04-9636-C4E36D58061D}.Debug|Any CPU.Build.0 = Debug|Any CPU
		{96B2D7B5-A7C3-4F04-9636-C4E36D58061D}.Release|Any CPU.ActiveCfg = Release|Any CPU
		{96B2D7B5-A7C3-4F04-9636-C4E36D58061D}.Release|Any CPU.Build.0 = Release|Any CPU
		{C15267CF-6E7B-415A-A124-C76FA59F732C}.Debug|Any CPU.ActiveCfg = Debug|Any CPU
		{C15267CF-6E7B-415A-A124-C76FA59F732C}.Debug|Any CPU.Build.0 = Debug|Any CPU
		{C15267CF-6E7B-415A-A124-C76FA59F732C}.Release|Any CPU.ActiveCfg = Release|Any CPU
		{C15267CF-6E7B-415A-A124-C76FA59F732C}.Release|Any CPU.Build.0 = Release|Any CPU
		{57F9EAE8-C7B9-4D20-BD97-95144B0C4CDA}.Debug|Any CPU.ActiveCfg = Debug|Any CPU
		{57F9EAE8-C7B9-4D20-BD97-95144B0C4CDA}.Debug|Any CPU.Build.0 = Debug|Any CPU
		{57F9EAE8-C7B9-4D20-BD97-95144B0C4CDA}.Release|Any CPU.ActiveCfg = Release|Any CPU
		{57F9EAE8-C7B9-4D20-BD97-95144B0C4CDA}.Release|Any CPU.Build.0 = Release|Any CPU
		{B350A202-30F5-4BE1-B611-D9FD3EA2416A}.Debug|Any CPU.ActiveCfg = Debug|Any CPU
		{B350A202-30F5-4BE1-B611-D9FD3EA2416A}.Debug|Any CPU.Build.0 = Debug|Any CPU
		{B350A202-30F5-4BE1-B611-D9FD3EA2416A}.Release|Any CPU.ActiveCfg = Release|Any CPU
		{B350A202-30F5-4BE1-B611-D9FD3EA2416A}.Release|Any CPU.Build.0 = Release|Any CPU
		{457917AF-BDDD-40D1-A655-D68402639D7D}.Debug|Any CPU.ActiveCfg = Debug|Any CPU
		{457917AF-BDDD-40D1-A655-D68402639D7D}.Debug|Any CPU.Build.0 = Debug|Any CPU
		{457917AF-BDDD-40D1-A655-D68402639D7D}.Release|Any CPU.ActiveCfg = Release|Any CPU
		{457917AF-BDDD-40D1-A655-D68402639D7D}.Release|Any CPU.Build.0 = Release|Any CPU
	EndGlobalSection
	GlobalSection(SolutionProperties) = preSolution
		HideSolutionNode = FALSE
	EndGlobalSection
	GlobalSection(ExtensibilityGlobals) = postSolution
		SolutionGuid = {97F63311-0C4B-4A1D-9354-E897B0FDAE00}
	EndGlobalSection
EndGlobal
