
Microsoft Visual Studio Solution File, Format Version 12.00
# Visual Studio 15
VisualStudioVersion = 15.0.27428.2015
MinimumVisualStudioVersion = 10.0.40219.1
Project("{9A19103F-16F7-4668-BE54-9A1E7A4F7556}") = "IntentBot.FakeIntentProvider", "IntentBot.FakeIntentProvider\IntentBot.FakeIntentProvider.csproj", "{E32B04E4-4CD0-4268-9511-ED942012C76C}"
EndProject
Project("{FAE04EC0-301F-11D3-BF4B-00C04F79EFBC}") = "IntentBot.LuisIntentProvider", "IntentBot.LuisIntentProvider\IntentBot.LuisIntentProvider.csproj", "{1B1BA74D-08BD-48B2-8734-C2BD36E1FFBA}"
EndProject
Project("{FAE04EC0-301F-11D3-BF4B-00C04F79EFBC}") = "IntentBot.LuisIntentProvider.Test", "IntentBot.LuisIntentProvider.Test\IntentBot.LuisIntentProvider.Test.csproj", "{47276342-E21D-441C-B9B1-25F13FAA1C7F}"
EndProject
Global
	GlobalSection(SolutionConfigurationPlatforms) = preSolution
		Debug|Any CPU = Debug|Any CPU
		Release|Any CPU = Release|Any CPU
	EndGlobalSection
	GlobalSection(ProjectConfigurationPlatforms) = postSolution
		{E32B04E4-4CD0-4268-9511-ED942012C76C}.Debug|Any CPU.ActiveCfg = Debug|Any CPU
		{E32B04E4-4CD0-4268-9511-ED942012C76C}.Debug|Any CPU.Build.0 = Debug|Any CPU
		{E32B04E4-4CD0-4268-9511-ED942012C76C}.Release|Any CPU.ActiveCfg = Release|Any CPU
		{E32B04E4-4CD0-4268-9511-ED942012C76C}.Release|Any CPU.Build.0 = Release|Any CPU
		{1B1BA74D-08BD-48B2-8734-C2BD36E1FFBA}.Debug|Any CPU.ActiveCfg = Debug|Any CPU
		{1B1BA74D-08BD-48B2-8734-C2BD36E1FFBA}.Debug|Any CPU.Build.0 = Debug|Any CPU
		{1B1BA74D-08BD-48B2-8734-C2BD36E1FFBA}.Release|Any CPU.ActiveCfg = Release|Any CPU
		{1B1BA74D-08BD-48B2-8734-C2BD36E1FFBA}.Release|Any CPU.Build.0 = Release|Any CPU
		{47276342-E21D-441C-B9B1-25F13FAA1C7F}.Debug|Any CPU.ActiveCfg = Debug|Any CPU
		{47276342-E21D-441C-B9B1-25F13FAA1C7F}.Debug|Any CPU.Build.0 = Debug|Any CPU
		{47276342-E21D-441C-B9B1-25F13FAA1C7F}.Release|Any CPU.ActiveCfg = Release|Any CPU
		{47276342-E21D-441C-B9B1-25F13FAA1C7F}.Release|Any CPU.Build.0 = Release|Any CPU
	EndGlobalSection
	GlobalSection(SolutionProperties) = preSolution
		HideSolutionNode = FALSE
	EndGlobalSection
	GlobalSection(ExtensibilityGlobals) = postSolution
		SolutionGuid = {BAB837AC-282C-4A59-88CD-9C87FE7F3C44}
	EndGlobalSection
EndGlobal
