
Microsoft Visual Studio Solution File, Format Version 12.00
# Visual Studio 15
VisualStudioVersion = 15.0.27428.2015
MinimumVisualStudioVersion = 10.0.40219.1
Project("{FAE04EC0-301F-11D3-BF4B-00C04F79EFBC}") = "IntentBot.Common", "IntentBot.Common\IntentBot.Common.csproj", "{22B58FFF-340A-401F-9B12-C4A21019322A}"
EndProject
Global
	GlobalSection(SolutionConfigurationPlatforms) = preSolution
		Debug|Any CPU = Debug|Any CPU
		Release|Any CPU = Release|Any CPU
	EndGlobalSection
	GlobalSection(ProjectConfigurationPlatforms) = postSolution
		{22B58FFF-340A-401F-9B12-C4A21019322A}.Debug|Any CPU.ActiveCfg = Debug|Any CPU
		{22B58FFF-340A-401F-9B12-C4A21019322A}.Debug|Any CPU.Build.0 = Debug|Any CPU
		{22B58FFF-340A-401F-9B12-C4A21019322A}.Release|Any CPU.ActiveCfg = Release|Any CPU
		{22B58FFF-340A-401F-9B12-C4A21019322A}.Release|Any CPU.Build.0 = Release|Any CPU
	EndGlobalSection
	GlobalSection(SolutionProperties) = preSolution
		HideSolutionNode = FALSE
	EndGlobalSection
	GlobalSection(ExtensibilityGlobals) = postSolution
		SolutionGuid = {9498213D-56A8-4B38-8D52-1BCC31A79966}
	EndGlobalSection
EndGlobal
