
Microsoft Visual Studio Solution File, Format Version 12.00
# Visual Studio 15
VisualStudioVersion = 15.0.27428.2015
MinimumVisualStudioVersion = 10.0.40219.1
Project("{9A19103F-16F7-4668-BE54-9A1E7A4F7556}") = "IntentBot.FakeCommandProcessor", "IntentBot.FakeCommandProcessor\IntentBot.FakeCommandProcessor.csproj", "{FD821FD9-B4F3-4A2C-9117-C2116D53ED40}"
EndProject
Project("{9A19103F-16F7-4668-BE54-9A1E7A4F7556}") = "IntentBot.DefaultCommandProcessor", "IntentBot.DefaultCommandProcessor\IntentBot.DefaultCommandProcessor.csproj", "{A6224FB2-E263-484F-97B5-51D11E2941B5}"
EndProject
Project("{9A19103F-16F7-4668-BE54-9A1E7A4F7556}") = "IntentBot.DefaultCommandProcessor.Test", "IntentBot.DefaultCommandProcessor.Test\IntentBot.DefaultCommandProcessor.Test.csproj", "{2BB3D45B-F926-41A2-A892-577A824E5D4F}"
EndProject
Global
	GlobalSection(SolutionConfigurationPlatforms) = preSolution
		Debug|Any CPU = Debug|Any CPU
		Release|Any CPU = Release|Any CPU
	EndGlobalSection
	GlobalSection(ProjectConfigurationPlatforms) = postSolution
		{FD821FD9-B4F3-4A2C-9117-C2116D53ED40}.Debug|Any CPU.ActiveCfg = Debug|Any CPU
		{FD821FD9-B4F3-4A2C-9117-C2116D53ED40}.Debug|Any CPU.Build.0 = Debug|Any CPU
		{FD821FD9-B4F3-4A2C-9117-C2116D53ED40}.Release|Any CPU.ActiveCfg = Release|Any CPU
		{FD821FD9-B4F3-4A2C-9117-C2116D53ED40}.Release|Any CPU.Build.0 = Release|Any CPU
		{A6224FB2-E263-484F-97B5-51D11E2941B5}.Debug|Any CPU.ActiveCfg = Debug|Any CPU
		{A6224FB2-E263-484F-97B5-51D11E2941B5}.Debug|Any CPU.Build.0 = Debug|Any CPU
		{A6224FB2-E263-484F-97B5-51D11E2941B5}.Release|Any CPU.ActiveCfg = Release|Any CPU
		{A6224FB2-E263-484F-97B5-51D11E2941B5}.Release|Any CPU.Build.0 = Release|Any CPU
		{2BB3D45B-F926-41A2-A892-577A824E5D4F}.Debug|Any CPU.ActiveCfg = Debug|Any CPU
		{2BB3D45B-F926-41A2-A892-577A824E5D4F}.Debug|Any CPU.Build.0 = Debug|Any CPU
		{2BB3D45B-F926-41A2-A892-577A824E5D4F}.Release|Any CPU.ActiveCfg = Release|Any CPU
		{2BB3D45B-F926-41A2-A892-577A824E5D4F}.Release|Any CPU.Build.0 = Release|Any CPU
	EndGlobalSection
	GlobalSection(SolutionProperties) = preSolution
		HideSolutionNode = FALSE
	EndGlobalSection
	GlobalSection(ExtensibilityGlobals) = postSolution
		SolutionGuid = {9A9C03DE-3993-45AC-84DF-DCCB62ADBDD3}
	EndGlobalSection
EndGlobal
