
Microsoft Visual Studio Solution File, Format Version 12.00
# Visual Studio 15
VisualStudioVersion = 15.0.27428.2015
MinimumVisualStudioVersion = 10.0.40219.1
Project("{9A19103F-16F7-4668-BE54-9A1E7A4F7556}") = "IntentBot.UserRequestBuilder", "UserRequestBuilder\IntentBot.UserRequestBuilder.csproj", "{7247314C-E473-4FEF-967A-72ADE4ADEA8F}"
EndProject
Project("{9A19103F-16F7-4668-BE54-9A1E7A4F7556}") = "IntentBot.IntentBuilder", "IntentBuilder\IntentBot.IntentBuilder.csproj", "{5F1459D1-F39A-4E35-A716-56A1EA3811A0}"
EndProject
Project("{9A19103F-16F7-4668-BE54-9A1E7A4F7556}") = "IntentBot.RouteCollectionBuilder", "IntentBot.RouteCollectionBuilder\IntentBot.RouteCollectionBuilder.csproj", "{70C20B1B-B6D3-4F45-8267-34D611A4BD0B}"
EndProject
Project("{9A19103F-16F7-4668-BE54-9A1E7A4F7556}") = "IntentBot.RouteCollectionBuilder.Test", "IntentBot.RouteCollectionBuilder.Test\IntentBot.RouteCollectionBuilder.Test.csproj", "{135E3D78-EB37-4334-B856-F00CF3EA8C5A}"
EndProject
Project("{2150E333-8FDC-42A3-9474-1A3956D46DE8}") = "RouteCollectionBuilder", "RouteCollectionBuilder", "{715E0D6B-67A4-4C6F-80CC-C4E6EC908A03}"
EndProject
Project("{2150E333-8FDC-42A3-9474-1A3956D46DE8}") = "UserRequestBuilder", "UserRequestBuilder", "{4F35B80B-3B54-4A7B-A6C3-2EE77118D272}"
EndProject
Project("{2150E333-8FDC-42A3-9474-1A3956D46DE8}") = "IntentBuilder", "IntentBuilder", "{E564F568-6E30-47F7-84B3-3ED5F4669E07}"
EndProject
Project("{FAE04EC0-301F-11D3-BF4B-00C04F79EFBC}") = "IntentBot.UserRequestBuilder.Test", "IntentBot.UserRequestBuilder.Test\IntentBot.UserRequestBuilder.Test.csproj", "{2D0538D0-04A3-4FB5-985E-F6C320C55FDA}"
EndProject
Project("{FAE04EC0-301F-11D3-BF4B-00C04F79EFBC}") = "IntentBot.IntentBuilder.Test", "IntentBot.IntentBuilder.Test\IntentBot.IntentBuilder.Test.csproj", "{C566E281-E424-4DEE-9C37-4C7B75C6C078}"
EndProject
Global
	GlobalSection(SolutionConfigurationPlatforms) = preSolution
		Debug|Any CPU = Debug|Any CPU
		Release|Any CPU = Release|Any CPU
	EndGlobalSection
	GlobalSection(ProjectConfigurationPlatforms) = postSolution
		{7247314C-E473-4FEF-967A-72ADE4ADEA8F}.Debug|Any CPU.ActiveCfg = Debug|Any CPU
		{7247314C-E473-4FEF-967A-72ADE4ADEA8F}.Debug|Any CPU.Build.0 = Debug|Any CPU
		{7247314C-E473-4FEF-967A-72ADE4ADEA8F}.Release|Any CPU.ActiveCfg = Release|Any CPU
		{7247314C-E473-4FEF-967A-72ADE4ADEA8F}.Release|Any CPU.Build.0 = Release|Any CPU
		{5F1459D1-F39A-4E35-A716-56A1EA3811A0}.Debug|Any CPU.ActiveCfg = Debug|Any CPU
		{5F1459D1-F39A-4E35-A716-56A1EA3811A0}.Debug|Any CPU.Build.0 = Debug|Any CPU
		{5F1459D1-F39A-4E35-A716-56A1EA3811A0}.Release|Any CPU.ActiveCfg = Release|Any CPU
		{5F1459D1-F39A-4E35-A716-56A1EA3811A0}.Release|Any CPU.Build.0 = Release|Any CPU
		{70C20B1B-B6D3-4F45-8267-34D611A4BD0B}.Debug|Any CPU.ActiveCfg = Debug|Any CPU
		{70C20B1B-B6D3-4F45-8267-34D611A4BD0B}.Debug|Any CPU.Build.0 = Debug|Any CPU
		{70C20B1B-B6D3-4F45-8267-34D611A4BD0B}.Release|Any CPU.ActiveCfg = Release|Any CPU
		{70C20B1B-B6D3-4F45-8267-34D611A4BD0B}.Release|Any CPU.Build.0 = Release|Any CPU
		{135E3D78-EB37-4334-B856-F00CF3EA8C5A}.Debug|Any CPU.ActiveCfg = Debug|Any CPU
		{135E3D78-EB37-4334-B856-F00CF3EA8C5A}.Debug|Any CPU.Build.0 = Debug|Any CPU
		{135E3D78-EB37-4334-B856-F00CF3EA8C5A}.Release|Any CPU.ActiveCfg = Release|Any CPU
		{135E3D78-EB37-4334-B856-F00CF3EA8C5A}.Release|Any CPU.Build.0 = Release|Any CPU
		{2D0538D0-04A3-4FB5-985E-F6C320C55FDA}.Debug|Any CPU.ActiveCfg = Debug|Any CPU
		{2D0538D0-04A3-4FB5-985E-F6C320C55FDA}.Debug|Any CPU.Build.0 = Debug|Any CPU
		{2D0538D0-04A3-4FB5-985E-F6C320C55FDA}.Release|Any CPU.ActiveCfg = Release|Any CPU
		{2D0538D0-04A3-4FB5-985E-F6C320C55FDA}.Release|Any CPU.Build.0 = Release|Any CPU
		{C566E281-E424-4DEE-9C37-4C7B75C6C078}.Debug|Any CPU.ActiveCfg = Debug|Any CPU
		{C566E281-E424-4DEE-9C37-4C7B75C6C078}.Debug|Any CPU.Build.0 = Debug|Any CPU
		{C566E281-E424-4DEE-9C37-4C7B75C6C078}.Release|Any CPU.ActiveCfg = Release|Any CPU
		{C566E281-E424-4DEE-9C37-4C7B75C6C078}.Release|Any CPU.Build.0 = Release|Any CPU
	EndGlobalSection
	GlobalSection(SolutionProperties) = preSolution
		HideSolutionNode = FALSE
	EndGlobalSection
	GlobalSection(NestedProjects) = preSolution
		{7247314C-E473-4FEF-967A-72ADE4ADEA8F} = {4F35B80B-3B54-4A7B-A6C3-2EE77118D272}
		{5F1459D1-F39A-4E35-A716-56A1EA3811A0} = {E564F568-6E30-47F7-84B3-3ED5F4669E07}
		{70C20B1B-B6D3-4F45-8267-34D611A4BD0B} = {715E0D6B-67A4-4C6F-80CC-C4E6EC908A03}
		{135E3D78-EB37-4334-B856-F00CF3EA8C5A} = {715E0D6B-67A4-4C6F-80CC-C4E6EC908A03}
		{2D0538D0-04A3-4FB5-985E-F6C320C55FDA} = {4F35B80B-3B54-4A7B-A6C3-2EE77118D272}
		{C566E281-E424-4DEE-9C37-4C7B75C6C078} = {E564F568-6E30-47F7-84B3-3ED5F4669E07}
	EndGlobalSection
	GlobalSection(ExtensibilityGlobals) = postSolution
		SolutionGuid = {64123F70-796E-4E03-9671-6C9D7505E59C}
	EndGlobalSection
EndGlobal
